// !$*UTF8*$!
{
	archiveVersion = 1;
	classes = {
	};
	objectVersion = 51;
	objects = {

/* Begin PBXBuildFile section */
		30111988257C3B3900E082B6 /* AppDelegate.swift in Sources */ = {isa = PBXBuildFile; fileRef = 30111987257C3B3900E082B6 /* AppDelegate.swift */; };
		3011198A257C3B3900E082B6 /* SceneDelegate.swift in Sources */ = {isa = PBXBuildFile; fileRef = 30111989257C3B3900E082B6 /* SceneDelegate.swift */; };
		3011198F257C3B3900E082B6 /* Main.storyboard in Resources */ = {isa = PBXBuildFile; fileRef = 3011198D257C3B3900E082B6 /* Main.storyboard */; };
		30111991257C3B3C00E082B6 /* Assets.xcassets in Resources */ = {isa = PBXBuildFile; fileRef = 30111990257C3B3C00E082B6 /* Assets.xcassets */; };
		30111994257C3B3C00E082B6 /* LaunchScreen.storyboard in Resources */ = {isa = PBXBuildFile; fileRef = 30111992257C3B3C00E082B6 /* LaunchScreen.storyboard */; };
		3011199F257C3B3D00E082B6 /* Civil_AppTests.swift in Sources */ = {isa = PBXBuildFile; fileRef = 3011199E257C3B3D00E082B6 /* Civil_AppTests.swift */; };
		301119AA257C3B3D00E082B6 /* Civil_AppUITests.swift in Sources */ = {isa = PBXBuildFile; fileRef = 301119A9257C3B3D00E082B6 /* Civil_AppUITests.swift */; };
		30AE4E7425924C4700FADFCB /* ReportDataViewController.swift in Sources */ = {isa = PBXBuildFile; fileRef = 30AE4E7325924C4700FADFCB /* ReportDataViewController.swift */; };
		5C98B07A6F66C53529D7CFAC /* Pods_Civil_App_Civil_AppUITests.framework in Frameworks */ = {isa = PBXBuildFile; fileRef = 53770A3D5EC2429DEE580B1E /* Pods_Civil_App_Civil_AppUITests.framework */; };
		8FFD21A32ADBB26024D00ADD /* Pods_Civil_App.framework in Frameworks */ = {isa = PBXBuildFile; fileRef = B6B95FA3CAAC213C2AD25D5E /* Pods_Civil_App.framework */; };
		D1FBE910246A26DC5329649C /* Pods_Civil_AppTests.framework in Frameworks */ = {isa = PBXBuildFile; fileRef = 33FD84E3626A9FDD24381E7A /* Pods_Civil_AppTests.framework */; };
/* End PBXBuildFile section */

/* Begin PBXContainerItemProxy section */
		3011199B257C3B3D00E082B6 /* PBXContainerItemProxy */ = {
			isa = PBXContainerItemProxy;
			containerPortal = 3011197C257C3B3900E082B6 /* Project object */;
			proxyType = 1;
			remoteGlobalIDString = 30111983257C3B3900E082B6;
			remoteInfo = "Civil App";
		};
		301119A6257C3B3D00E082B6 /* PBXContainerItemProxy */ = {
			isa = PBXContainerItemProxy;
			containerPortal = 3011197C257C3B3900E082B6 /* Project object */;
			proxyType = 1;
			remoteGlobalIDString = 30111983257C3B3900E082B6;
			remoteInfo = "Civil App";
		};
/* End PBXContainerItemProxy section */

/* Begin PBXFileReference section */
		30111984257C3B3900E082B6 /* Civil App.app */ = {isa = PBXFileReference; explicitFileType = wrapper.application; includeInIndex = 0; path = "Civil App.app"; sourceTree = BUILT_PRODUCTS_DIR; };
		30111987257C3B3900E082B6 /* AppDelegate.swift */ = {isa = PBXFileReference; lastKnownFileType = sourcecode.swift; path = AppDelegate.swift; sourceTree = "<group>"; };
		30111989257C3B3900E082B6 /* SceneDelegate.swift */ = {isa = PBXFileReference; lastKnownFileType = sourcecode.swift; path = SceneDelegate.swift; sourceTree = "<group>"; };
		3011198E257C3B3900E082B6 /* Base */ = {isa = PBXFileReference; lastKnownFileType = file.storyboard; name = Base; path = Base.lproj/Main.storyboard; sourceTree = "<group>"; };
		30111990257C3B3C00E082B6 /* Assets.xcassets */ = {isa = PBXFileReference; lastKnownFileType = folder.assetcatalog; path = Assets.xcassets; sourceTree = "<group>"; };
		30111993257C3B3C00E082B6 /* Base */ = {isa = PBXFileReference; lastKnownFileType = file.storyboard; name = Base; path = Base.lproj/LaunchScreen.storyboard; sourceTree = "<group>"; };
		30111995257C3B3C00E082B6 /* Info.plist */ = {isa = PBXFileReference; lastKnownFileType = text.plist.xml; path = Info.plist; sourceTree = "<group>"; };
		3011199A257C3B3D00E082B6 /* Civil AppTests.xctest */ = {isa = PBXFileReference; explicitFileType = wrapper.cfbundle; includeInIndex = 0; path = "Civil AppTests.xctest"; sourceTree = BUILT_PRODUCTS_DIR; };
		3011199E257C3B3D00E082B6 /* Civil_AppTests.swift */ = {isa = PBXFileReference; lastKnownFileType = sourcecode.swift; path = Civil_AppTests.swift; sourceTree = "<group>"; };
		301119A0257C3B3D00E082B6 /* Info.plist */ = {isa = PBXFileReference; lastKnownFileType = text.plist.xml; path = Info.plist; sourceTree = "<group>"; };
		301119A5257C3B3D00E082B6 /* Civil AppUITests.xctest */ = {isa = PBXFileReference; explicitFileType = wrapper.cfbundle; includeInIndex = 0; path = "Civil AppUITests.xctest"; sourceTree = BUILT_PRODUCTS_DIR; };
		301119A9257C3B3D00E082B6 /* Civil_AppUITests.swift */ = {isa = PBXFileReference; lastKnownFileType = sourcecode.swift; path = Civil_AppUITests.swift; sourceTree = "<group>"; };
		301119AB257C3B3D00E082B6 /* Info.plist */ = {isa = PBXFileReference; lastKnownFileType = text.plist.xml; path = Info.plist; sourceTree = "<group>"; };
		30AE4E7325924C4700FADFCB /* ReportDataViewController.swift */ = {isa = PBXFileReference; lastKnownFileType = sourcecode.swift; path = ReportDataViewController.swift; sourceTree = "<group>"; };
		33FD84E3626A9FDD24381E7A /* Pods_Civil_AppTests.framework */ = {isa = PBXFileReference; explicitFileType = wrapper.framework; includeInIndex = 0; path = Pods_Civil_AppTests.framework; sourceTree = BUILT_PRODUCTS_DIR; };
		53770A3D5EC2429DEE580B1E /* Pods_Civil_App_Civil_AppUITests.framework */ = {isa = PBXFileReference; explicitFileType = wrapper.framework; includeInIndex = 0; path = Pods_Civil_App_Civil_AppUITests.framework; sourceTree = BUILT_PRODUCTS_DIR; };
		9E642B00B2848BDAB7BA9EF1 /* Pods-Civil AppTests.debug.xcconfig */ = {isa = PBXFileReference; includeInIndex = 1; lastKnownFileType = text.xcconfig; name = "Pods-Civil AppTests.debug.xcconfig"; path = "Target Support Files/Pods-Civil AppTests/Pods-Civil AppTests.debug.xcconfig"; sourceTree = "<group>"; };
		B6B95FA3CAAC213C2AD25D5E /* Pods_Civil_App.framework */ = {isa = PBXFileReference; explicitFileType = wrapper.framework; includeInIndex = 0; path = Pods_Civil_App.framework; sourceTree = BUILT_PRODUCTS_DIR; };
		C30F3B1CBCE471304229DA31 /* Pods-Civil App-Civil AppUITests.release.xcconfig */ = {isa = PBXFileReference; includeInIndex = 1; lastKnownFileType = text.xcconfig; name = "Pods-Civil App-Civil AppUITests.release.xcconfig"; path = "Target Support Files/Pods-Civil App-Civil AppUITests/Pods-Civil App-Civil AppUITests.release.xcconfig"; sourceTree = "<group>"; };
		C4E5D811D076ECD76BAB041D /* Pods-Civil App-Civil AppUITests.debug.xcconfig */ = {isa = PBXFileReference; includeInIndex = 1; lastKnownFileType = text.xcconfig; name = "Pods-Civil App-Civil AppUITests.debug.xcconfig"; path = "Target Support Files/Pods-Civil App-Civil AppUITests/Pods-Civil App-Civil AppUITests.debug.xcconfig"; sourceTree = "<group>"; };
		DDA53199BB416025AA0A555F /* Pods-Civil App.release.xcconfig */ = {isa = PBXFileReference; includeInIndex = 1; lastKnownFileType = text.xcconfig; name = "Pods-Civil App.release.xcconfig"; path = "Target Support Files/Pods-Civil App/Pods-Civil App.release.xcconfig"; sourceTree = "<group>"; };
		E040701814D9D267A76E83E4 /* Pods-Civil AppTests.release.xcconfig */ = {isa = PBXFileReference; includeInIndex = 1; lastKnownFileType = text.xcconfig; name = "Pods-Civil AppTests.release.xcconfig"; path = "Target Support Files/Pods-Civil AppTests/Pods-Civil AppTests.release.xcconfig"; sourceTree = "<group>"; };
		E7DD126F2E196E3DFBC24647 /* Pods-Civil App.debug.xcconfig */ = {isa = PBXFileReference; includeInIndex = 1; lastKnownFileType = text.xcconfig; name = "Pods-Civil App.debug.xcconfig"; path = "Target Support Files/Pods-Civil App/Pods-Civil App.debug.xcconfig"; sourceTree = "<group>"; };
/* End PBXFileReference section */

/* Begin PBXFrameworksBuildPhase section */
		30111981257C3B3900E082B6 /* Frameworks */ = {
			isa = PBXFrameworksBuildPhase;
			buildActionMask = 2147483647;
			files = (
				8FFD21A32ADBB26024D00ADD /* Pods_Civil_App.framework in Frameworks */,
			);
			runOnlyForDeploymentPostprocessing = 0;
		};
		30111997257C3B3D00E082B6 /* Frameworks */ = {
			isa = PBXFrameworksBuildPhase;
			buildActionMask = 2147483647;
			files = (
				D1FBE910246A26DC5329649C /* Pods_Civil_AppTests.framework in Frameworks */,
			);
			runOnlyForDeploymentPostprocessing = 0;
		};
		301119A2257C3B3D00E082B6 /* Frameworks */ = {
			isa = PBXFrameworksBuildPhase;
			buildActionMask = 2147483647;
			files = (
				5C98B07A6F66C53529D7CFAC /* Pods_Civil_App_Civil_AppUITests.framework in Frameworks */,
			);
			runOnlyForDeploymentPostprocessing = 0;
		};
/* End PBXFrameworksBuildPhase section */

/* Begin PBXGroup section */
		02435B7FDBE287BBA6956EF9 /* Pods */ = {
			isa = PBXGroup;
			children = (
				E7DD126F2E196E3DFBC24647 /* Pods-Civil App.debug.xcconfig */,
				DDA53199BB416025AA0A555F /* Pods-Civil App.release.xcconfig */,
				C4E5D811D076ECD76BAB041D /* Pods-Civil App-Civil AppUITests.debug.xcconfig */,
				C30F3B1CBCE471304229DA31 /* Pods-Civil App-Civil AppUITests.release.xcconfig */,
				9E642B00B2848BDAB7BA9EF1 /* Pods-Civil AppTests.debug.xcconfig */,
				E040701814D9D267A76E83E4 /* Pods-Civil AppTests.release.xcconfig */,
			);
			path = Pods;
			sourceTree = "<group>";
		};
		2FAD0D44346D83A7668AF77A /* Frameworks */ = {
			isa = PBXGroup;
			children = (
				B6B95FA3CAAC213C2AD25D5E /* Pods_Civil_App.framework */,
				53770A3D5EC2429DEE580B1E /* Pods_Civil_App_Civil_AppUITests.framework */,
				33FD84E3626A9FDD24381E7A /* Pods_Civil_AppTests.framework */,
			);
			name = Frameworks;
			sourceTree = "<group>";
		};
		3011197B257C3B3900E082B6 = {
			isa = PBXGroup;
			children = (
				30111986257C3B3900E082B6 /* Civil App */,
				3011199D257C3B3D00E082B6 /* Civil AppTests */,
				301119A8257C3B3D00E082B6 /* Civil AppUITests */,
				30111985257C3B3900E082B6 /* Products */,
				02435B7FDBE287BBA6956EF9 /* Pods */,
				2FAD0D44346D83A7668AF77A /* Frameworks */,
			);
			sourceTree = "<group>";
		};
		30111985257C3B3900E082B6 /* Products */ = {
			isa = PBXGroup;
			children = (
				30111984257C3B3900E082B6 /* Civil App.app */,
				3011199A257C3B3D00E082B6 /* Civil AppTests.xctest */,
				301119A5257C3B3D00E082B6 /* Civil AppUITests.xctest */,
			);
			name = Products;
			sourceTree = "<group>";
		};
		30111986257C3B3900E082B6 /* Civil App */ = {
			isa = PBXGroup;
			children = (
				30111995257C3B3C00E082B6 /* Info.plist */,
				30AE4E6925924B5C00FADFCB /* Assets */,
				30AE4E6825924B4400FADFCB /* Storyboard */,
				30AE4E6725924B3B00FADFCB /* ViewModel */,
				30AE4E6625924B3000FADFCB /* Model */,
				30AE4E6525924B2800FADFCB /* View */,
			);
			path = "Civil App";
			sourceTree = "<group>";
		};
		3011199D257C3B3D00E082B6 /* Civil AppTests */ = {
			isa = PBXGroup;
			children = (
				3011199E257C3B3D00E082B6 /* Civil_AppTests.swift */,
				301119A0257C3B3D00E082B6 /* Info.plist */,
			);
			path = "Civil AppTests";
			sourceTree = "<group>";
		};
		301119A8257C3B3D00E082B6 /* Civil AppUITests */ = {
			isa = PBXGroup;
			children = (
				301119A9257C3B3D00E082B6 /* Civil_AppUITests.swift */,
				301119AB257C3B3D00E082B6 /* Info.plist */,
			);
			path = "Civil AppUITests";
			sourceTree = "<group>";
		};
		30AE4E6525924B2800FADFCB /* View */ = {
			isa = PBXGroup;
			children = (
				30AE4E6F25924B9000FADFCB /* Global */,
				30AE4E6E25924B8600FADFCB /* View */,
				30AE4E6D25924B7B00FADFCB /* Controller */,
			);
			path = View;
			sourceTree = "<group>";
		};
		30AE4E6625924B3000FADFCB /* Model */ = {
			isa = PBXGroup;
			children = (
			);
			path = Model;
			sourceTree = "<group>";
		};
		30AE4E6725924B3B00FADFCB /* ViewModel */ = {
			isa = PBXGroup;
			children = (
			);
			path = ViewModel;
			sourceTree = "<group>";
		};
		30AE4E6825924B4400FADFCB /* Storyboard */ = {
			isa = PBXGroup;
			children = (
				3011198D257C3B3900E082B6 /* Main.storyboard */,
				30111992257C3B3C00E082B6 /* LaunchScreen.storyboard */,
			);
			path = Storyboard;
			sourceTree = "<group>";
		};
		30AE4E6925924B5C00FADFCB /* Assets */ = {
			isa = PBXGroup;
			children = (
				30111990257C3B3C00E082B6 /* Assets.xcassets */,
			);
			path = Assets;
			sourceTree = "<group>";
		};
		30AE4E6D25924B7B00FADFCB /* Controller */ = {
			isa = PBXGroup;
			children = (
				30AE4E7325924C4700FADFCB /* ReportDataViewController.swift */,
			);
			path = Controller;
			sourceTree = "<group>";
		};
		30AE4E6E25924B8600FADFCB /* View */ = {
			isa = PBXGroup;
			children = (
			);
			path = View;
			sourceTree = "<group>";
		};
		30AE4E6F25924B9000FADFCB /* Global */ = {
			isa = PBXGroup;
			children = (
				30111987257C3B3900E082B6 /* AppDelegate.swift */,
				30111989257C3B3900E082B6 /* SceneDelegate.swift */,
			);
			path = Global;
			sourceTree = "<group>";
		};
/* End PBXGroup section */

/* Begin PBXNativeTarget section */
		30111983257C3B3900E082B6 /* Civil App */ = {
			isa = PBXNativeTarget;
			buildConfigurationList = 301119AE257C3B3D00E082B6 /* Build configuration list for PBXNativeTarget "Civil App" */;
			buildPhases = (
				CF0E5BD5A55A94413B21FA6D /* [CP] Check Pods Manifest.lock */,
				30111980257C3B3900E082B6 /* Sources */,
				30111981257C3B3900E082B6 /* Frameworks */,
				30111982257C3B3900E082B6 /* Resources */,
				7175C04E5E8CCDC459EF67D6 /* [CP] Embed Pods Frameworks */,
			);
			buildRules = (
			);
			dependencies = (
			);
			name = "Civil App";
			productName = "Civil App";
			productReference = 30111984257C3B3900E082B6 /* Civil App.app */;
			productType = "com.apple.product-type.application";
		};
		30111999257C3B3D00E082B6 /* Civil AppTests */ = {
			isa = PBXNativeTarget;
			buildConfigurationList = 301119B1257C3B3D00E082B6 /* Build configuration list for PBXNativeTarget "Civil AppTests" */;
			buildPhases = (
				CF2A630FDFFDAA035E129A95 /* [CP] Check Pods Manifest.lock */,
				30111996257C3B3D00E082B6 /* Sources */,
				30111997257C3B3D00E082B6 /* Frameworks */,
				30111998257C3B3D00E082B6 /* Resources */,
			);
			buildRules = (
			);
			dependencies = (
				3011199C257C3B3D00E082B6 /* PBXTargetDependency */,
			);
			name = "Civil AppTests";
			productName = "Civil AppTests";
			productReference = 3011199A257C3B3D00E082B6 /* Civil AppTests.xctest */;
			productType = "com.apple.product-type.bundle.unit-test";
		};
		301119A4257C3B3D00E082B6 /* Civil AppUITests */ = {
			isa = PBXNativeTarget;
			buildConfigurationList = 301119B4257C3B3D00E082B6 /* Build configuration list for PBXNativeTarget "Civil AppUITests" */;
			buildPhases = (
				21B7E27DAFACB86068EE783A /* [CP] Check Pods Manifest.lock */,
				301119A1257C3B3D00E082B6 /* Sources */,
				301119A2257C3B3D00E082B6 /* Frameworks */,
				301119A3257C3B3D00E082B6 /* Resources */,
				CD2CD1D3FFC87D083B423F46 /* [CP] Embed Pods Frameworks */,
			);
			buildRules = (
			);
			dependencies = (
				301119A7257C3B3D00E082B6 /* PBXTargetDependency */,
			);
			name = "Civil AppUITests";
			productName = "Civil AppUITests";
			productReference = 301119A5257C3B3D00E082B6 /* Civil AppUITests.xctest */;
			productType = "com.apple.product-type.bundle.ui-testing";
		};
/* End PBXNativeTarget section */

/* Begin PBXProject section */
		3011197C257C3B3900E082B6 /* Project object */ = {
			isa = PBXProject;
			attributes = {
				LastSwiftUpdateCheck = 1220;
				LastUpgradeCheck = 1220;
				TargetAttributes = {
					30111983257C3B3900E082B6 = {
						CreatedOnToolsVersion = 12.2;
					};
					30111999257C3B3D00E082B6 = {
						CreatedOnToolsVersion = 12.2;
						TestTargetID = 30111983257C3B3900E082B6;
					};
					301119A4257C3B3D00E082B6 = {
						CreatedOnToolsVersion = 12.2;
						TestTargetID = 30111983257C3B3900E082B6;
					};
				};
			};
			buildConfigurationList = 3011197F257C3B3900E082B6 /* Build configuration list for PBXProject "Civil App" */;
			compatibilityVersion = "Xcode 9.3";
			developmentRegion = en;
			hasScannedForEncodings = 0;
			knownRegions = (
				en,
				Base,
			);
			mainGroup = 3011197B257C3B3900E082B6;
			productRefGroup = 30111985257C3B3900E082B6 /* Products */;
			projectDirPath = "";
			projectRoot = "";
			targets = (
				30111983257C3B3900E082B6 /* Civil App */,
				30111999257C3B3D00E082B6 /* Civil AppTests */,
				301119A4257C3B3D00E082B6 /* Civil AppUITests */,
			);
		};
/* End PBXProject section */

/* Begin PBXResourcesBuildPhase section */
		30111982257C3B3900E082B6 /* Resources */ = {
			isa = PBXResourcesBuildPhase;
			buildActionMask = 2147483647;
			files = (
				30111994257C3B3C00E082B6 /* LaunchScreen.storyboard in Resources */,
				30111991257C3B3C00E082B6 /* Assets.xcassets in Resources */,
				3011198F257C3B3900E082B6 /* Main.storyboard in Resources */,
			);
			runOnlyForDeploymentPostprocessing = 0;
		};
		30111998257C3B3D00E082B6 /* Resources */ = {
			isa = PBXResourcesBuildPhase;
			buildActionMask = 2147483647;
			files = (
			);
			runOnlyForDeploymentPostprocessing = 0;
		};
		301119A3257C3B3D00E082B6 /* Resources */ = {
			isa = PBXResourcesBuildPhase;
			buildActionMask = 2147483647;
			files = (
			);
			runOnlyForDeploymentPostprocessing = 0;
		};
/* End PBXResourcesBuildPhase section */

/* Begin PBXShellScriptBuildPhase section */
		21B7E27DAFACB86068EE783A /* [CP] Check Pods Manifest.lock */ = {
			isa = PBXShellScriptBuildPhase;
			buildActionMask = 2147483647;
			files = (
			);
			inputFileListPaths = (
			);
			inputPaths = (
				"${PODS_PODFILE_DIR_PATH}/Podfile.lock",
				"${PODS_ROOT}/Manifest.lock",
			);
			name = "[CP] Check Pods Manifest.lock";
			outputFileListPaths = (
			);
			outputPaths = (
				"$(DERIVED_FILE_DIR)/Pods-Civil App-Civil AppUITests-checkManifestLockResult.txt",
			);
			runOnlyForDeploymentPostprocessing = 0;
			shellPath = /bin/sh;
			shellScript = "diff \"${PODS_PODFILE_DIR_PATH}/Podfile.lock\" \"${PODS_ROOT}/Manifest.lock\" > /dev/null\nif [ $? != 0 ] ; then\n    # print error to STDERR\n    echo \"error: The sandbox is not in sync with the Podfile.lock. Run 'pod install' or update your CocoaPods installation.\" >&2\n    exit 1\nfi\n# This output is used by Xcode 'outputs' to avoid re-running this script phase.\necho \"SUCCESS\" > \"${SCRIPT_OUTPUT_FILE_0}\"\n";
			showEnvVarsInLog = 0;
		};
		7175C04E5E8CCDC459EF67D6 /* [CP] Embed Pods Frameworks */ = {
			isa = PBXShellScriptBuildPhase;
			buildActionMask = 2147483647;
			files = (
			);
			inputFileListPaths = (
				"${PODS_ROOT}/Target Support Files/Pods-Civil App/Pods-Civil App-frameworks-${CONFIGURATION}-input-files.xcfilelist",
			);
			name = "[CP] Embed Pods Frameworks";
			outputFileListPaths = (
				"${PODS_ROOT}/Target Support Files/Pods-Civil App/Pods-Civil App-frameworks-${CONFIGURATION}-output-files.xcfilelist",
			);
			runOnlyForDeploymentPostprocessing = 0;
			shellPath = /bin/sh;
			shellScript = "\"${PODS_ROOT}/Target Support Files/Pods-Civil App/Pods-Civil App-frameworks.sh\"\n";
			showEnvVarsInLog = 0;
		};
		CD2CD1D3FFC87D083B423F46 /* [CP] Embed Pods Frameworks */ = {
			isa = PBXShellScriptBuildPhase;
			buildActionMask = 2147483647;
			files = (
			);
			inputFileListPaths = (
				"${PODS_ROOT}/Target Support Files/Pods-Civil App-Civil AppUITests/Pods-Civil App-Civil AppUITests-frameworks-${CONFIGURATION}-input-files.xcfilelist",
			);
			name = "[CP] Embed Pods Frameworks";
			outputFileListPaths = (
				"${PODS_ROOT}/Target Support Files/Pods-Civil App-Civil AppUITests/Pods-Civil App-Civil AppUITests-frameworks-${CONFIGURATION}-output-files.xcfilelist",
			);
			runOnlyForDeploymentPostprocessing = 0;
			shellPath = /bin/sh;
			shellScript = "\"${PODS_ROOT}/Target Support Files/Pods-Civil App-Civil AppUITests/Pods-Civil App-Civil AppUITests-frameworks.sh\"\n";
			showEnvVarsInLog = 0;
		};
		CF0E5BD5A55A94413B21FA6D /* [CP] Check Pods Manifest.lock */ = {
			isa = PBXShellScriptBuildPhase;
			buildActionMask = 2147483647;
			files = (
			);
			inputFileListPaths = (
			);
			inputPaths = (
				"${PODS_PODFILE_DIR_PATH}/Podfile.lock",
				"${PODS_ROOT}/Manifest.lock",
			);
			name = "[CP] Check Pods Manifest.lock";
			outputFileListPaths = (
			);
			outputPaths = (
				"$(DERIVED_FILE_DIR)/Pods-Civil App-checkManifestLockResult.txt",
			);
			runOnlyForDeploymentPostprocessing = 0;
			shellPath = /bin/sh;
			shellScript = "diff \"${PODS_PODFILE_DIR_PATH}/Podfile.lock\" \"${PODS_ROOT}/Manifest.lock\" > /dev/null\nif [ $? != 0 ] ; then\n    # print error to STDERR\n    echo \"error: The sandbox is not in sync with the Podfile.lock. Run 'pod install' or update your CocoaPods installation.\" >&2\n    exit 1\nfi\n# This output is used by Xcode 'outputs' to avoid re-running this script phase.\necho \"SUCCESS\" > \"${SCRIPT_OUTPUT_FILE_0}\"\n";
			showEnvVarsInLog = 0;
		};
		CF2A630FDFFDAA035E129A95 /* [CP] Check Pods Manifest.lock */ = {
			isa = PBXShellScriptBuildPhase;
			buildActionMask = 2147483647;
			files = (
			);
			inputFileListPaths = (
			);
			inputPaths = (
				"${PODS_PODFILE_DIR_PATH}/Podfile.lock",
				"${PODS_ROOT}/Manifest.lock",
			);
			name = "[CP] Check Pods Manifest.lock";
			outputFileListPaths = (
			);
			outputPaths = (
				"$(DERIVED_FILE_DIR)/Pods-Civil AppTests-checkManifestLockResult.txt",
			);
			runOnlyForDeploymentPostprocessing = 0;
			shellPath = /bin/sh;
			shellScript = "diff \"${PODS_PODFILE_DIR_PATH}/Podfile.lock\" \"${PODS_ROOT}/Manifest.lock\" > /dev/null\nif [ $? != 0 ] ; then\n    # print error to STDERR\n    echo \"error: The sandbox is not in sync with the Podfile.lock. Run 'pod install' or update your CocoaPods installation.\" >&2\n    exit 1\nfi\n# This output is used by Xcode 'outputs' to avoid re-running this script phase.\necho \"SUCCESS\" > \"${SCRIPT_OUTPUT_FILE_0}\"\n";
			showEnvVarsInLog = 0;
		};
/* End PBXShellScriptBuildPhase section */

/* Begin PBXSourcesBuildPhase section */
		30111980257C3B3900E082B6 /* Sources */ = {
			isa = PBXSourcesBuildPhase;
			buildActionMask = 2147483647;
			files = (
				30111988257C3B3900E082B6 /* AppDelegate.swift in Sources */,
				30AE4E7425924C4700FADFCB /* ReportDataViewController.swift in Sources */,
				3011198A257C3B3900E082B6 /* SceneDelegate.swift in Sources */,
			);
			runOnlyForDeploymentPostprocessing = 0;
		};
		30111996257C3B3D00E082B6 /* Sources */ = {
			isa = PBXSourcesBuildPhase;
			buildActionMask = 2147483647;
			files = (
				3011199F257C3B3D00E082B6 /* Civil_AppTests.swift in Sources */,
			);
			runOnlyForDeploymentPostprocessing = 0;
		};
		301119A1257C3B3D00E082B6 /* Sources */ = {
			isa = PBXSourcesBuildPhase;
			buildActionMask = 2147483647;
			files = (
				301119AA257C3B3D00E082B6 /* Civil_AppUITests.swift in Sources */,
			);
			runOnlyForDeploymentPostprocessing = 0;
		};
/* End PBXSourcesBuildPhase section */

/* Begin PBXTargetDependency section */
		3011199C257C3B3D00E082B6 /* PBXTargetDependency */ = {
			isa = PBXTargetDependency;
			target = 30111983257C3B3900E082B6 /* Civil App */;
			targetProxy = 3011199B257C3B3D00E082B6 /* PBXContainerItemProxy */;
		};
		301119A7257C3B3D00E082B6 /* PBXTargetDependency */ = {
			isa = PBXTargetDependency;
			target = 30111983257C3B3900E082B6 /* Civil App */;
			targetProxy = 301119A6257C3B3D00E082B6 /* PBXContainerItemProxy */;
		};
/* End PBXTargetDependency section */

/* Begin PBXVariantGroup section */
		3011198D257C3B3900E082B6 /* Main.storyboard */ = {
			isa = PBXVariantGroup;
			children = (
				3011198E257C3B3900E082B6 /* Base */,
			);
			name = Main.storyboard;
			sourceTree = "<group>";
		};
		30111992257C3B3C00E082B6 /* LaunchScreen.storyboard */ = {
			isa = PBXVariantGroup;
			children = (
				30111993257C3B3C00E082B6 /* Base */,
			);
			name = LaunchScreen.storyboard;
			sourceTree = "<group>";
		};
/* End PBXVariantGroup section */

/* Begin XCBuildConfiguration section */
		301119AC257C3B3D00E082B6 /* Debug */ = {
			isa = XCBuildConfiguration;
			buildSettings = {
				ALWAYS_SEARCH_USER_PATHS = NO;
				CLANG_ANALYZER_NONNULL = YES;
				CLANG_ANALYZER_NUMBER_OBJECT_CONVERSION = YES_AGGRESSIVE;
				CLANG_CXX_LANGUAGE_STANDARD = "gnu++14";
				CLANG_CXX_LIBRARY = "libc++";
				CLANG_ENABLE_MODULES = YES;
				CLANG_ENABLE_OBJC_ARC = YES;
				CLANG_ENABLE_OBJC_WEAK = YES;
				CLANG_WARN_BLOCK_CAPTURE_AUTORELEASING = YES;
				CLANG_WARN_BOOL_CONVERSION = YES;
				CLANG_WARN_COMMA = YES;
				CLANG_WARN_CONSTANT_CONVERSION = YES;
				CLANG_WARN_DEPRECATED_OBJC_IMPLEMENTATIONS = YES;
				CLANG_WARN_DIRECT_OBJC_ISA_USAGE = YES_ERROR;
				CLANG_WARN_DOCUMENTATION_COMMENTS = YES;
				CLANG_WARN_EMPTY_BODY = YES;
				CLANG_WARN_ENUM_CONVERSION = YES;
				CLANG_WARN_INFINITE_RECURSION = YES;
				CLANG_WARN_INT_CONVERSION = YES;
				CLANG_WARN_NON_LITERAL_NULL_CONVERSION = YES;
				CLANG_WARN_OBJC_IMPLICIT_RETAIN_SELF = YES;
				CLANG_WARN_OBJC_LITERAL_CONVERSION = YES;
				CLANG_WARN_OBJC_ROOT_CLASS = YES_ERROR;
				CLANG_WARN_QUOTED_INCLUDE_IN_FRAMEWORK_HEADER = YES;
				CLANG_WARN_RANGE_LOOP_ANALYSIS = YES;
				CLANG_WARN_STRICT_PROTOTYPES = YES;
				CLANG_WARN_SUSPICIOUS_MOVE = YES;
				CLANG_WARN_UNGUARDED_AVAILABILITY = YES_AGGRESSIVE;
				CLANG_WARN_UNREACHABLE_CODE = YES;
				CLANG_WARN__DUPLICATE_METHOD_MATCH = YES;
				COPY_PHASE_STRIP = NO;
				DEBUG_INFORMATION_FORMAT = dwarf;
				ENABLE_STRICT_OBJC_MSGSEND = YES;
				ENABLE_TESTABILITY = YES;
				GCC_C_LANGUAGE_STANDARD = gnu11;
				GCC_DYNAMIC_NO_PIC = NO;
				GCC_NO_COMMON_BLOCKS = YES;
				GCC_OPTIMIZATION_LEVEL = 0;
				GCC_PREPROCESSOR_DEFINITIONS = (
					"DEBUG=1",
					"$(inherited)",
				);
				GCC_WARN_64_TO_32_BIT_CONVERSION = YES;
				GCC_WARN_ABOUT_RETURN_TYPE = YES_ERROR;
				GCC_WARN_UNDECLARED_SELECTOR = YES;
				GCC_WARN_UNINITIALIZED_AUTOS = YES_AGGRESSIVE;
				GCC_WARN_UNUSED_FUNCTION = YES;
				GCC_WARN_UNUSED_VARIABLE = YES;
				IPHONEOS_DEPLOYMENT_TARGET = 14.2;
				MTL_ENABLE_DEBUG_INFO = INCLUDE_SOURCE;
				MTL_FAST_MATH = YES;
				ONLY_ACTIVE_ARCH = YES;
				SDKROOT = iphoneos;
				SWIFT_ACTIVE_COMPILATION_CONDITIONS = DEBUG;
				SWIFT_OPTIMIZATION_LEVEL = "-Onone";
			};
			name = Debug;
		};
		301119AD257C3B3D00E082B6 /* Release */ = {
			isa = XCBuildConfiguration;
			buildSettings = {
				ALWAYS_SEARCH_USER_PATHS = NO;
				CLANG_ANALYZER_NONNULL = YES;
				CLANG_ANALYZER_NUMBER_OBJECT_CONVERSION = YES_AGGRESSIVE;
				CLANG_CXX_LANGUAGE_STANDARD = "gnu++14";
				CLANG_CXX_LIBRARY = "libc++";
				CLANG_ENABLE_MODULES = YES;
				CLANG_ENABLE_OBJC_ARC = YES;
				CLANG_ENABLE_OBJC_WEAK = YES;
				CLANG_WARN_BLOCK_CAPTURE_AUTORELEASING = YES;
				CLANG_WARN_BOOL_CONVERSION = YES;
				CLANG_WARN_COMMA = YES;
				CLANG_WARN_CONSTANT_CONVERSION = YES;
				CLANG_WARN_DEPRECATED_OBJC_IMPLEMENTATIONS = YES;
				CLANG_WARN_DIRECT_OBJC_ISA_USAGE = YES_ERROR;
				CLANG_WARN_DOCUMENTATION_COMMENTS = YES;
				CLANG_WARN_EMPTY_BODY = YES;
				CLANG_WARN_ENUM_CONVERSION = YES;
				CLANG_WARN_INFINITE_RECURSION = YES;
				CLANG_WARN_INT_CONVERSION = YES;
				CLANG_WARN_NON_LITERAL_NULL_CONVERSION = YES;
				CLANG_WARN_OBJC_IMPLICIT_RETAIN_SELF = YES;
				CLANG_WARN_OBJC_LITERAL_CONVERSION = YES;
				CLANG_WARN_OBJC_ROOT_CLASS = YES_ERROR;
				CLANG_WARN_QUOTED_INCLUDE_IN_FRAMEWORK_HEADER = YES;
				CLANG_WARN_RANGE_LOOP_ANALYSIS = YES;
				CLANG_WARN_STRICT_PROTOTYPES = YES;
				CLANG_WARN_SUSPICIOUS_MOVE = YES;
				CLANG_WARN_UNGUARDED_AVAILABILITY = YES_AGGRESSIVE;
				CLANG_WARN_UNREACHABLE_CODE = YES;
				CLANG_WARN__DUPLICATE_METHOD_MATCH = YES;
				COPY_PHASE_STRIP = NO;
				DEBUG_INFORMATION_FORMAT = "dwarf-with-dsym";
				ENABLE_NS_ASSERTIONS = NO;
				ENABLE_STRICT_OBJC_MSGSEND = YES;
				GCC_C_LANGUAGE_STANDARD = gnu11;
				GCC_NO_COMMON_BLOCKS = YES;
				GCC_WARN_64_TO_32_BIT_CONVERSION = YES;
				GCC_WARN_ABOUT_RETURN_TYPE = YES_ERROR;
				GCC_WARN_UNDECLARED_SELECTOR = YES;
				GCC_WARN_UNINITIALIZED_AUTOS = YES_AGGRESSIVE;
				GCC_WARN_UNUSED_FUNCTION = YES;
				GCC_WARN_UNUSED_VARIABLE = YES;
				IPHONEOS_DEPLOYMENT_TARGET = 14.2;
				MTL_ENABLE_DEBUG_INFO = NO;
				MTL_FAST_MATH = YES;
				SDKROOT = iphoneos;
				SWIFT_COMPILATION_MODE = wholemodule;
				SWIFT_OPTIMIZATION_LEVEL = "-O";
				VALIDATE_PRODUCT = YES;
			};
			name = Release;
		};
		301119AF257C3B3D00E082B6 /* Debug */ = {
			isa = XCBuildConfiguration;
			baseConfigurationReference = E7DD126F2E196E3DFBC24647 /* Pods-Civil App.debug.xcconfig */;
			buildSettings = {
				ASSETCATALOG_COMPILER_APPICON_NAME = AppIcon;
				ASSETCATALOG_COMPILER_GLOBAL_ACCENT_COLOR_NAME = AccentColor;
				CODE_SIGN_STYLE = Automatic;
				DEVELOPMENT_TEAM = 39QDFGFLCK;
				INFOPLIST_FILE = "Civil App/Info.plist";
				LD_RUNPATH_SEARCH_PATHS = (
					"$(inherited)",
					"@executable_path/Frameworks",
				);
				PRODUCT_BUNDLE_IDENTIFIER = "com.majidhassani.Civil-App";
				PRODUCT_NAME = "$(TARGET_NAME)";
				SWIFT_VERSION = 5.0;
				TARGETED_DEVICE_FAMILY = "1,2";
			};
			name = Debug;
		};
		301119B0257C3B3D00E082B6 /* Release */ = {
			isa = XCBuildConfiguration;
			baseConfigurationReference = DDA53199BB416025AA0A555F /* Pods-Civil App.release.xcconfig */;
			buildSettings = {
				ASSETCATALOG_COMPILER_APPICON_NAME = AppIcon;
				ASSETCATALOG_COMPILER_GLOBAL_ACCENT_COLOR_NAME = AccentColor;
				CODE_SIGN_STYLE = Automatic;
				DEVELOPMENT_TEAM = 39QDFGFLCK;
				INFOPLIST_FILE = "Civil App/Info.plist";
				LD_RUNPATH_SEARCH_PATHS = (
					"$(inherited)",
					"@executable_path/Frameworks",
				);
				PRODUCT_BUNDLE_IDENTIFIER = "com.majidhassani.Civil-App";
				PRODUCT_NAME = "$(TARGET_NAME)";
				SWIFT_VERSION = 5.0;
				TARGETED_DEVICE_FAMILY = "1,2";
			};
			name = Release;
		};
		301119B2257C3B3D00E082B6 /* Debug */ = {
			isa = XCBuildConfiguration;
			baseConfigurationReference = 9E642B00B2848BDAB7BA9EF1 /* Pods-Civil AppTests.debug.xcconfig */;
			buildSettings = {
				ALWAYS_EMBED_SWIFT_STANDARD_LIBRARIES = YES;
				BUNDLE_LOADER = "$(TEST_HOST)";
				CODE_SIGN_STYLE = Automatic;
				INFOPLIST_FILE = "Civil AppTests/Info.plist";
				IPHONEOS_DEPLOYMENT_TARGET = 14.2;
				LD_RUNPATH_SEARCH_PATHS = (
					"$(inherited)",
					"@executable_path/Frameworks",
					"@loader_path/Frameworks",
				);
				PRODUCT_BUNDLE_IDENTIFIER = "com.majidhassani.Civil-AppTests";
				PRODUCT_NAME = "$(TARGET_NAME)";
				SWIFT_VERSION = 5.0;
				TARGETED_DEVICE_FAMILY = "1,2";
				TEST_HOST = "$(BUILT_PRODUCTS_DIR)/Civil App.app/Civil App";
			};
			name = Debug;
		};
		301119B3257C3B3D00E082B6 /* Release */ = {
			isa = XCBuildConfiguration;
			baseConfigurationReference = E040701814D9D267A76E83E4 /* Pods-Civil AppTests.release.xcconfig */;
			buildSettings = {
				ALWAYS_EMBED_SWIFT_STANDARD_LIBRARIES = YES;
				BUNDLE_LOADER = "$(TEST_HOST)";
				CODE_SIGN_STYLE = Automatic;
				INFOPLIST_FILE = "Civil AppTests/Info.plist";
				IPHONEOS_DEPLOYMENT_TARGET = 14.2;
				LD_RUNPATH_SEARCH_PATHS = (
					"$(inherited)",
					"@executable_path/Frameworks",
					"@loader_path/Frameworks",
				);
				PRODUCT_BUNDLE_IDENTIFIER = "com.majidhassani.Civil-AppTests";
				PRODUCT_NAME = "$(TARGET_NAME)";
				SWIFT_VERSION = 5.0;
				TARGETED_DEVICE_FAMILY = "1,2";
				TEST_HOST = "$(BUILT_PRODUCTS_DIR)/Civil App.app/Civil App";
			};
			name = Release;
		};
		301119B5257C3B3D00E082B6 /* Debug */ = {
			isa = XCBuildConfiguration;
			baseConfigurationReference = C4E5D811D076ECD76BAB041D /* Pods-Civil App-Civil AppUITests.debug.xcconfig */;
			buildSettings = {
				ALWAYS_EMBED_SWIFT_STANDARD_LIBRARIES = YES;
				CODE_SIGN_STYLE = Automatic;
				INFOPLIST_FILE = "Civil AppUITests/Info.plist";
				LD_RUNPATH_SEARCH_PATHS = (
					"$(inherited)",
					"@executable_path/Frameworks",
					"@loader_path/Frameworks",
				);
				PRODUCT_BUNDLE_IDENTIFIER = "com.majidhassani.Civil-AppUITests";
				PRODUCT_NAME = "$(TARGET_NAME)";
				SWIFT_VERSION = 5.0;
				TARGETED_DEVICE_FAMILY = "1,2";
				TEST_TARGET_NAME = "Civil App";
			};
			name = Debug;
		};
		301119B6257C3B3D00E082B6 /* Release */ = {
			isa = XCBuildConfiguration;
			baseConfigurationReference = C30F3B1CBCE471304229DA31 /* Pods-Civil App-Civil AppUITests.release.xcconfig */;
			buildSettings = {
				ALWAYS_EMBED_SWIFT_STANDARD_LIBRARIES = YES;
				CODE_SIGN_STYLE = Automatic;
				INFOPLIST_FILE = "Civil AppUITests/Info.plist";
				LD_RUNPATH_SEARCH_PATHS = (
					"$(inherited)",
					"@executable_path/Frameworks",
					"@loader_path/Frameworks",
				);
				PRODUCT_BUNDLE_IDENTIFIER = "com.majidhassani.Civil-AppUITests";
				PRODUCT_NAME = "$(TARGET_NAME)";
				SWIFT_VERSION = 5.0;
				TARGETED_DEVICE_FAMILY = "1,2";
				TEST_TARGET_NAME = "Civil App";
			};
			name = Release;
		};
/* End XCBuildConfiguration section */

/* Begin XCConfigurationList section */
		3011197F257C3B3900E082B6 /* Build configuration list for PBXProject "Civil App" */ = {
			isa = XCConfigurationList;
			buildConfigurations = (
				301119AC257C3B3D00E082B6 /* Debug */,
				301119AD257C3B3D00E082B6 /* Release */,
			);
			defaultConfigurationIsVisible = 0;
			defaultConfigurationName = Release;
		};
		301119AE257C3B3D00E082B6 /* Build configuration list for PBXNativeTarget "Civil App" */ = {
			isa = XCConfigurationList;
			buildConfigurations = (
				301119AF257C3B3D00E082B6 /* Debug */,
				301119B0257C3B3D00E082B6 /* Release */,
			);
			defaultConfigurationIsVisible = 0;
			defaultConfigurationName = Release;
		};
		301119B1257C3B3D00E082B6 /* Build configuration list for PBXNativeTarget "Civil AppTests" */ = {
			isa = XCConfigurationList;
			buildConfigurations = (
				301119B2257C3B3D00E082B6 /* Debug */,
				301119B3257C3B3D00E082B6 /* Release */,
			);
			defaultConfigurationIsVisible = 0;
			defaultConfigurationName = Release;
		};
		301119B4257C3B3D00E082B6 /* Build configuration list for PBXNativeTarget "Civil AppUITests" */ = {
			isa = XCConfigurationList;
			buildConfigurations = (
				301119B5257C3B3D00E082B6 /* Debug */,
				301119B6257C3B3D00E082B6 /* Release */,
			);
			defaultConfigurationIsVisible = 0;
			defaultConfigurationName = Release;
		};
/* End XCConfigurationList section */
	};
	rootObject = 3011197C257C3B3900E082B6 /* Project object */;
}
